
Microsoft Visual Studio Solution File, Format Version 12.00
# Visual Studio Version 16
VisualStudioVersion = 16.0.29230.47
MinimumVisualStudioVersion = 10.0.40219.1
Project("{FAE04EC0-301F-11D3-BF4B-00C04F79EFBC}") = "MovieRecomendationApp", "MovieRecomendationApp\MovieRecomendationApp.csproj", "{AEA9F502-9580-49BE-8E0D-B709684E7F99}"
EndProject
Global
	GlobalSection(SolutionConfigurationPlatforms) = preSolution
		Debug|Any CPU = Debug|Any CPU
		Release|Any CPU = Release|Any CPU
	EndGlobalSection
	GlobalSection(ProjectConfigurationPlatforms) = postSolution
		{AEA9F502-9580-49BE-8E0D-B709684E7F99}.Debug|Any CPU.ActiveCfg = Debug|Any CPU
		{AEA9F502-9580-49BE-8E0D-B709684E7F99}.Debug|Any CPU.Build.0 = Debug|Any CPU
		{AEA9F502-9580-49BE-8E0D-B709684E7F99}.Release|Any CPU.ActiveCfg = Release|Any CPU
		{AEA9F502-9580-49BE-8E0D-B709684E7F99}.Release|Any CPU.Build.0 = Release|Any CPU
	EndGlobalSection
	GlobalSection(SolutionProperties) = preSolution
		HideSolutionNode = FALSE
	EndGlobalSection
	GlobalSection(ExtensibilityGlobals) = postSolution
		SolutionGuid = {BD5F9904-2E61-45F7-9644-58DEDB50E4FB}
	EndGlobalSection
EndGlobal
